// !$*UTF8*$!
{
	archiveVersion = 1;
	classes = {
	};
	objectVersion = 77;
	objects = {

/* Begin PBXBuildFile section */
		DD5022712F59635D00CDD6B8 /* HotSwiftUI in Frameworks */ = {isa = PBXBuildFile; productRef = DD5022702F59635D00CDD6B8 /* HotSwiftUI */; };
/* End PBXBuildFile section */

/* Begin PBXContainerItemProxy section */
		DDBAACC92F595E2600E72DD2 /* PBXContainerItemProxy */ = {
			isa = PBXContainerItemProxy;
			containerPortal = DDBAACB32F595E2500E72DD2 /* Project object */;
			proxyType = 1;
			remoteGlobalIDString = DDBAACBA2F595E2500E72DD2;
			remoteInfo = Mely;
		};
		DDBAACD32F595E2600E72DD2 /* PBXContainerItemProxy */ = {
			isa = PBXContainerItemProxy;
			containerPortal = DDBAACB32F595E2500E72DD2 /* Project object */;
			proxyType = 1;
			remoteGlobalIDString = DDBAACBA2F595E2500E72DD2;
			remoteInfo = Mely;
		};
/* End PBXContainerItemProxy section */

/* Begin PBXFileReference section */
		DDBAACBB2F595E2500E72DD2 /* Mely.app */ = {isa = PBXFileReference; explicitFileType = wrapper.application; includeInIndex = 0; path = Mely.app; sourceTree = BUILT_PRODUCTS_DIR; };
		DDBAACC82F595E2600E72DD2 /* MelyTests.xctest */ = {isa = PBXFileReference; explicitFileType = wrapper.cfbundle; includeInIndex = 0; path = MelyTests.xctest; sourceTree = BUILT_PRODUCTS_DIR; };
		DDBAACD22F595E2600E72DD2 /* MelyUITests.xctest */ = {isa = PBXFileReference; explicitFileType = wrapper.cfbundle; includeInIndex = 0; path = MelyUITests.xctest; sourceTree = BUILT_PRODUCTS_DIR; };
/* End PBXFileReference section */

/* Begin PBXFileSystemSynchronizedBuildFileExceptionSet section */
		DD5022762F5967E600CDD6B8 /* Exceptions for "Mely" folder in "Mely" target */ = {
			isa = PBXFileSystemSynchronizedBuildFileExceptionSet;
			membershipExceptions = (
				Info.plist,
			);
			target = DDBAACBA2F595E2500E72DD2 /* Mely */;
		};
/* End PBXFileSystemSynchronizedBuildFileExceptionSet section */

/* Begin PBXFileSystemSynchronizedRootGroup section */
		DDBAACBD2F595E2500E72DD2 /* Mely */ = {
			isa = PBXFileSystemSynchronizedRootGroup;
			exceptions = (
				DD5022762F5967E600CDD6B8 /* Exceptions for "Mely" folder in "Mely" target */,
			);
			path = Mely;
			sourceTree = "<group>";
		};
		DDBAACCB2F595E2600E72DD2 /* MelyTests */ = {
			isa = PBXFileSystemSynchronizedRootGroup;
			path = MelyTests;
			sourceTree = "<group>";
		};
		DDBAACD52F595E2600E72DD2 /* MelyUITests */ = {
			isa = PBXFileSystemSynchronizedRootGroup;
			path = MelyUITests;
			sourceTree = "<group>";
		};
/* End PBXFileSystemSynchronizedRootGroup section */

/* Begin PBXFrameworksBuildPhase section */
		DDBAACB82F595E2500E72DD2 /* Frameworks */ = {
			isa = PBXFrameworksBuildPhase;
			buildActionMask = 2147483647;
			files = (
				DD5022712F59635D00CDD6B8 /* HotSwiftUI in Frameworks */,
			);
			runOnlyForDeploymentPostprocessing = 0;
		};
		DDBAACC52F595E2600E72DD2 /* Frameworks */ = {
			isa = PBXFrameworksBuildPhase;
			buildActionMask = 2147483647;
			files = (
			);
			runOnlyForDeploymentPostprocessing = 0;
		};
		DDBAACCF2F595E2600E72DD2 /* Frameworks */ = {
			isa = PBXFrameworksBuildPhase;
			buildActionMask = 2147483647;
			files = (
			);
			runOnlyForDeploymentPostprocessing = 0;
		};
/* End PBXFrameworksBuildPhase section */

/* Begin PBXGroup section */
		DDBAACB22F595E2500E72DD2 = {
			isa = PBXGroup;
			children = (
				DDBAACBD2F595E2500E72DD2 /* Mely */,
				DDBAACCB2F595E2600E72DD2 /* MelyTests */,
				DDBAACD52F595E2600E72DD2 /* MelyUITests */,
				DDBAACBC2F595E2500E72DD2 /* Products */,
			);
			sourceTree = "<group>";
		};
		DDBAACBC2F595E2500E72DD2 /* Products */ = {
			isa = PBXGroup;
			children = (
				DDBAACBB2F595E2500E72DD2 /* Mely.app */,
				DDBAACC82F595E2600E72DD2 /* MelyTests.xctest */,
				DDBAACD22F595E2600E72DD2 /* MelyUITests.xctest */,
			);
			name = Products;
			sourceTree = "<group>";
		};
/* End PBXGroup section */

/* Begin PBXNativeTarget section */
		DDBAACBA2F595E2500E72DD2 /* Mely */ = {
			isa = PBXNativeTarget;
			buildConfigurationList = DDBAACDC2F595E2600E72DD2 /* Build configuration list for PBXNativeTarget "Mely" */;
			buildPhases = (
				DDBAACB72F595E2500E72DD2 /* Sources */,
				DDBAACB82F595E2500E72DD2 /* Frameworks */,
				DDBAACB92F595E2500E72DD2 /* Resources */,
			);
			buildRules = (
			);
			dependencies = (
			);
			fileSystemSynchronizedGroups = (
				DDBAACBD2F595E2500E72DD2 /* Mely */,
			);
			name = Mely;
			packageProductDependencies = (
				DD5022702F59635D00CDD6B8 /* HotSwiftUI */,
			);
			productName = Mely;
			productReference = DDBAACBB2F595E2500E72DD2 /* Mely.app */;
			productType = "com.apple.product-type.application";
		};
		DDBAACC72F595E2600E72DD2 /* MelyTests */ = {
			isa = PBXNativeTarget;
			buildConfigurationList = DDBAACDF2F595E2600E72DD2 /* Build configuration list for PBXNativeTarget "MelyTests" */;
			buildPhases = (
				DDBAACC42F595E2600E72DD2 /* Sources */,
				DDBAACC52F595E2600E72DD2 /* Frameworks */,
				DDBAACC62F595E2600E72DD2 /* Resources */,
			);
			buildRules = (
			);
			dependencies = (
				DDBAACCA2F595E2600E72DD2 /* PBXTargetDependency */,
			);
			fileSystemSynchronizedGroups = (
				DDBAACCB2F595E2600E72DD2 /* MelyTests */,
			);
			name = MelyTests;
			packageProductDependencies = (
			);
			productName = MelyTests;
			productReference = DDBAACC82F595E2600E72DD2 /* MelyTests.xctest */;
			productType = "com.apple.product-type.bundle.unit-test";
		};
		DDBAACD12F595E2600E72DD2 /* MelyUITests */ = {
			isa = PBXNativeTarget;
			buildConfigurationList = DDBAACE22F595E2600E72DD2 /* Build configuration list for PBXNativeTarget "MelyUITests" */;
			buildPhases = (
				DDBAACCE2F595E2600E72DD2 /* Sources */,
				DDBAACCF2F595E2600E72DD2 /* Frameworks */,
				DDBAACD02F595E2600E72DD2 /* Resources */,
			);
			buildRules = (
			);
			dependencies = (
				DDBAACD42F595E2600E72DD2 /* PBXTargetDependency */,
			);
			fileSystemSynchronizedGroups = (
				DDBAACD52F595E2600E72DD2 /* MelyUITests */,
			);
			name = MelyUITests;
			packageProductDependencies = (
			);
			productName = MelyUITests;
			productReference = DDBAACD22F595E2600E72DD2 /* MelyUITests.xctest */;
			productType = "com.apple.product-type.bundle.ui-testing";
		};
/* End PBXNativeTarget section */

/* Begin PBXProject section */
		DDBAACB32F595E2500E72DD2 /* Project object */ = {
			isa = PBXProject;
			attributes = {
				BuildIndependentTargetsInParallel = 1;
				LastSwiftUpdateCheck = 2620;
				LastUpgradeCheck = 2620;
				TargetAttributes = {
					DDBAACBA2F595E2500E72DD2 = {
						CreatedOnToolsVersion = 26.2;
					};
					DDBAACC72F595E2600E72DD2 = {
						CreatedOnToolsVersion = 26.2;
						TestTargetID = DDBAACBA2F595E2500E72DD2;
					};
					DDBAACD12F595E2600E72DD2 = {
						CreatedOnToolsVersion = 26.2;
						TestTargetID = DDBAACBA2F595E2500E72DD2;
					};
				};
			};
			buildConfigurationList = DDBAACB62F595E2500E72DD2 /* Build configuration list for PBXProject "Mely" */;
			developmentRegion = en;
			hasScannedForEncodings = 0;
			knownRegions = (
				en,
				Base,
			);
			mainGroup = DDBAACB22F595E2500E72DD2;
			minimizedProjectReferenceProxies = 1;
			packageReferences = (
				DD50226F2F59635D00CDD6B8 /* XCRemoteSwiftPackageReference "HotSwiftUI" */,
			);
			preferredProjectObjectVersion = 77;
			productRefGroup = DDBAACBC2F595E2500E72DD2 /* Products */;
			projectDirPath = "";
			projectRoot = "";
			targets = (
				DDBAACBA2F595E2500E72DD2 /* Mely */,
				DDBAACC72F595E2600E72DD2 /* MelyTests */,
				DDBAACD12F595E2600E72DD2 /* MelyUITests */,
			);
		};
/* End PBXProject section */

/* Begin PBXResourcesBuildPhase section */
		DDBAACB92F595E2500E72DD2 /* Resources */ = {
			isa = PBXResourcesBuildPhase;
			buildActionMask = 2147483647;
			files = (
			);
			runOnlyForDeploymentPostprocessing = 0;
		};
		DDBAACC62F595E2600E72DD2 /* Resources */ = {
			isa = PBXResourcesBuildPhase;
			buildActionMask = 2147483647;
			files = (
			);
			runOnlyForDeploymentPostprocessing = 0;
		};
		DDBAACD02F595E2600E72DD2 /* Resources */ = {
			isa = PBXResourcesBuildPhase;
			buildActionMask = 2147483647;
			files = (
			);
			runOnlyForDeploymentPostprocessing = 0;
		};
/* End PBXResourcesBuildPhase section */

/* Begin PBXSourcesBuildPhase section */
		DDBAACB72F595E2500E72DD2 /* Sources */ = {
			isa = PBXSourcesBuildPhase;
			buildActionMask = 2147483647;
			files = (
			);
			runOnlyForDeploymentPostprocessing = 0;
		};
		DDBAACC42F595E2600E72DD2 /* Sources */ = {
			isa = PBXSourcesBuildPhase;
			buildActionMask = 2147483647;
			files = (
			);
			runOnlyForDeploymentPostprocessing = 0;
		};
		DDBAACCE2F595E2600E72DD2 /* Sources */ = {
			isa = PBXSourcesBuildPhase;
			buildActionMask = 2147483647;
			files = (
			);
			runOnlyForDeploymentPostprocessing = 0;
		};
/* End PBXSourcesBuildPhase section */

/* Begin PBXTargetDependency section */
		DDBAACCA2F595E2600E72DD2 /* PBXTargetDependency */ = {
			isa = PBXTargetDependency;
			target = DDBAACBA2F595E2500E72DD2 /* Mely */;
			targetProxy = DDBAACC92F595E2600E72DD2 /* PBXContainerItemProxy */;
		};
		DDBAACD42F595E2600E72DD2 /* PBXTargetDependency */ = {
			isa = PBXTargetDependency;
			target = DDBAACBA2F595E2500E72DD2 /* Mely */;
			targetProxy = DDBAACD32F595E2600E72DD2 /* PBXContainerItemProxy */;
		};
/* End PBXTargetDependency section */

/* Begin XCBuildConfiguration section */
		DDBAACDA2F595E2600E72DD2 /* Debug */ = {
			isa = XCBuildConfiguration;
			buildSettings = {
				ALWAYS_SEARCH_USER_PATHS = NO;
				ASSETCATALOG_COMPILER_GENERATE_SWIFT_ASSET_SYMBOL_EXTENSIONS = YES;
				CLANG_ANALYZER_NONNULL = YES;
				CLANG_ANALYZER_NUMBER_OBJECT_CONVERSION = YES_AGGRESSIVE;
				CLANG_CXX_LANGUAGE_STANDARD = "gnu++20";
				CLANG_ENABLE_MODULES = YES;
				CLANG_ENABLE_OBJC_ARC = YES;
				CLANG_ENABLE_OBJC_WEAK = YES;
				CLANG_WARN_BLOCK_CAPTURE_AUTORELEASING = YES;
				CLANG_WARN_BOOL_CONVERSION = YES;
				CLANG_WARN_COMMA = YES;
				CLANG_WARN_CONSTANT_CONVERSION = YES;
				CLANG_WARN_DEPRECATED_OBJC_IMPLEMENTATIONS = YES;
				CLANG_WARN_DIRECT_OBJC_ISA_USAGE = YES_ERROR;
				CLANG_WARN_DOCUMENTATION_COMMENTS = YES;
				CLANG_WARN_EMPTY_BODY = YES;
				CLANG_WARN_ENUM_CONVERSION = YES;
				CLANG_WARN_INFINITE_RECURSION = YES;
				CLANG_WARN_INT_CONVERSION = YES;
				CLANG_WARN_NON_LITERAL_NULL_CONVERSION = YES;
				CLANG_WARN_OBJC_IMPLICIT_RETAIN_SELF = YES;
				CLANG_WARN_OBJC_LITERAL_CONVERSION = YES;
				CLANG_WARN_OBJC_ROOT_CLASS = YES_ERROR;
				CLANG_WARN_QUOTED_INCLUDE_IN_FRAMEWORK_HEADER = YES;
				CLANG_WARN_RANGE_LOOP_ANALYSIS = YES;
				CLANG_WARN_STRICT_PROTOTYPES = YES;
				CLANG_WARN_SUSPICIOUS_MOVE = YES;
				CLANG_WARN_UNGUARDED_AVAILABILITY = YES_AGGRESSIVE;
				CLANG_WARN_UNREACHABLE_CODE = YES;
				CLANG_WARN__DUPLICATE_METHOD_MATCH = YES;
				COPY_PHASE_STRIP = NO;
				DEBUG_INFORMATION_FORMAT = dwarf;
				DEVELOPMENT_TEAM = "";
				ENABLE_STRICT_OBJC_MSGSEND = YES;
				ENABLE_TESTABILITY = YES;
				ENABLE_USER_SCRIPT_SANDBOXING = YES;
				GCC_C_LANGUAGE_STANDARD = gnu17;
				GCC_DYNAMIC_NO_PIC = NO;
				GCC_NO_COMMON_BLOCKS = YES;
				GCC_OPTIMIZATION_LEVEL = 0;
				GCC_PREPROCESSOR_DEFINITIONS = (
					"DEBUG=1",
					"$(inherited)",
				);
				GCC_WARN_64_TO_32_BIT_CONVERSION = YES;
				GCC_WARN_ABOUT_RETURN_TYPE = YES_ERROR;
				GCC_WARN_UNDECLARED_SELECTOR = YES;
				GCC_WARN_UNINITIALIZED_AUTOS = YES_AGGRESSIVE;
				GCC_WARN_UNUSED_FUNCTION = YES;
				GCC_WARN_UNUSED_VARIABLE = YES;
				IPHONEOS_DEPLOYMENT_TARGET = 26.2;
				LOCALIZATION_PREFERS_STRING_CATALOGS = YES;
				MTL_ENABLE_DEBUG_INFO = INCLUDE_SOURCE;
				MTL_FAST_MATH = YES;
				ONLY_ACTIVE_ARCH = YES;
				SDKROOT = iphoneos;
				SWIFT_ACTIVE_COMPILATION_CONDITIONS = "DEBUG $(inherited)";
				SWIFT_OPTIMIZATION_LEVEL = "-Onone";
			};
			name = Debug;
		};
		DDBAACDB2F595E2600E72DD2 /* Release */ = {
			isa = XCBuildConfiguration;
			buildSettings = {
				ALWAYS_SEARCH_USER_PATHS = NO;
				ASSETCATALOG_COMPILER_GENERATE_SWIFT_ASSET_SYMBOL_EXTENSIONS = YES;
				CLANG_ANALYZER_NONNULL = YES;
				CLANG_ANALYZER_NUMBER_OBJECT_CONVERSION = YES_AGGRESSIVE;
				CLANG_CXX_LANGUAGE_STANDARD = "gnu++20";
				CLANG_ENABLE_MODULES = YES;
				CLANG_ENABLE_OBJC_ARC = YES;
				CLANG_ENABLE_OBJC_WEAK = YES;
				CLANG_WARN_BLOCK_CAPTURE_AUTORELEASING = YES;
				CLANG_WARN_BOOL_CONVERSION = YES;
				CLANG_WARN_COMMA = YES;
				CLANG_WARN_CONSTANT_CONVERSION = YES;
				CLANG_WARN_DEPRECATED_OBJC_IMPLEMENTATIONS = YES;
				CLANG_WARN_DIRECT_OBJC_ISA_USAGE = YES_ERROR;
				CLANG_WARN_DOCUMENTATION_COMMENTS = YES;
				CLANG_WARN_EMPTY_BODY = YES;
				CLANG_WARN_ENUM_CONVERSION = YES;
				CLANG_WARN_INFINITE_RECURSION = YES;
				CLANG_WARN_INT_CONVERSION = YES;
				CLANG_WARN_NON_LITERAL_NULL_CONVERSION = YES;
				CLANG_WARN_OBJC_IMPLICIT_RETAIN_SELF = YES;
				CLANG_WARN_OBJC_LITERAL_CONVERSION = YES;
				CLANG_WARN_OBJC_ROOT_CLASS = YES_ERROR;
				CLANG_WARN_QUOTED_INCLUDE_IN_FRAMEWORK_HEADER = YES;
				CLANG_WARN_RANGE_LOOP_ANALYSIS = YES;
				CLANG_WARN_STRICT_PROTOTYPES = YES;
				CLANG_WARN_SUSPICIOUS_MOVE = YES;
				CLANG_WARN_UNGUARDED_AVAILABILITY = YES_AGGRESSIVE;
				CLANG_WARN_UNREACHABLE_CODE = YES;
				CLANG_WARN__DUPLICATE_METHOD_MATCH = YES;
				COPY_PHASE_STRIP = NO;
				DEBUG_INFORMATION_FORMAT = "dwarf-with-dsym";
				DEVELOPMENT_TEAM = "";
				ENABLE_NS_ASSERTIONS = NO;
				ENABLE_STRICT_OBJC_MSGSEND = YES;
				ENABLE_USER_SCRIPT_SANDBOXING = YES;
				GCC_C_LANGUAGE_STANDARD = gnu17;
				GCC_NO_COMMON_BLOCKS = YES;
				GCC_WARN_64_TO_32_BIT_CONVERSION = YES;
				GCC_WARN_ABOUT_RETURN_TYPE = YES_ERROR;
				GCC_WARN_UNDECLARED_SELECTOR = YES;
				GCC_WARN_UNINITIALIZED_AUTOS = YES_AGGRESSIVE;
				GCC_WARN_UNUSED_FUNCTION = YES;
				GCC_WARN_UNUSED_VARIABLE = YES;
				IPHONEOS_DEPLOYMENT_TARGET = 26.2;
				LOCALIZATION_PREFERS_STRING_CATALOGS = YES;
				MTL_ENABLE_DEBUG_INFO = NO;
				MTL_FAST_MATH = YES;
				SDKROOT = iphoneos;
				SWIFT_COMPILATION_MODE = wholemodule;
				VALIDATE_PRODUCT = YES;
			};
			name = Release;
		};
		DDBAACDD2F595E2600E72DD2 /* Debug */ = {
			isa = XCBuildConfiguration;
			buildSettings = {
				ASSETCATALOG_COMPILER_APPICON_NAME = AppIcon;
				ASSETCATALOG_COMPILER_GLOBAL_ACCENT_COLOR_NAME = AccentColor;
				CODE_SIGN_STYLE = Automatic;
				CURRENT_PROJECT_VERSION = 2;
				DEVELOPMENT_TEAM = "";
				EMIT_FRONTEND_COMMAND_LINES = YES;
				ENABLE_PREVIEWS = YES;
				GENERATE_INFOPLIST_FILE = YES;
				INFOPLIST_FILE = Mely/Info.plist;
				INFOPLIST_KEY_NSCameraUsageDescription = "This app needs camera access to capture landscapes, portraits, and videos. Your photos and videos can decorate your profile or share with friends. They're securely stored on your device and only shared with your permission. Privacy and security are protected.";
				INFOPLIST_KEY_NSLocationWhenInUseUsageDescription = "This app needs location access for sharing, discovering events, and using location-based features. Location data is used responsibly with your consent. Privacy and security are our priorities.";
				INFOPLIST_KEY_NSMicrophoneUsageDescription = "This app needs microphone access for recording voice messages and sharing audio. Audio stays on your device unless you share. Privacy is our priority.";
				INFOPLIST_KEY_NSPhotoLibraryUsageDescription = "This app needs access to your photo library for sharing memorable photos/videos. It stays on your device unless you share. Access is for easy sharing and is privacy-protected.";
				INFOPLIST_KEY_UIApplicationSceneManifest_Generation = YES;
				INFOPLIST_KEY_UIApplicationSupportsIndirectInputEvents = YES;
				INFOPLIST_KEY_UILaunchScreen_Generation = YES;
				INFOPLIST_KEY_UILaunchStoryboardName = LaunchScreen;
				INFOPLIST_KEY_UISupportedInterfaceOrientations_iPad = "UIInterfaceOrientationPortrait UIInterfaceOrientationPortraitUpsideDown";
				INFOPLIST_KEY_UISupportedInterfaceOrientations_iPhone = "UIInterfaceOrientationPortrait UIInterfaceOrientationPortraitUpsideDown";
				IPHONEOS_DEPLOYMENT_TARGET = 18.6;
				LD_RUNPATH_SEARCH_PATHS = (
					"$(inherited)",
					"@executable_path/Frameworks",
				);
				MARKETING_VERSION = 1.0;
				OTHER_LDFLAGS = (
					"-Xlinker",
					"-interposable",
				);
				PRODUCT_BUNDLE_IDENTIFIER = com.mwanwokybbrq.Mely;
				PRODUCT_NAME = "$(TARGET_NAME)";
				STRING_CATALOG_GENERATE_SYMBOLS = YES;
				SWIFT_APPROACHABLE_CONCURRENCY = YES;
				SWIFT_DEFAULT_ACTOR_ISOLATION = MainActor;
				SWIFT_EMIT_LOC_STRINGS = YES;
				SWIFT_UPCOMING_FEATURE_MEMBER_IMPORT_VISIBILITY = YES;
				SWIFT_VERSION = 5.0;
				TARGETED_DEVICE_FAMILY = 1;
			};
			name = Debug;
		};
		DDBAACDE2F595E2600E72DD2 /* Release */ = {
			isa = XCBuildConfiguration;
			buildSettings = {
				ASSETCATALOG_COMPILER_APPICON_NAME = AppIcon;
				ASSETCATALOG_COMPILER_GLOBAL_ACCENT_COLOR_NAME = AccentColor;
				CODE_SIGN_STYLE = Automatic;
				CURRENT_PROJECT_VERSION = 2;
				DEVELOPMENT_TEAM = "";
				EMIT_FRONTEND_COMMAND_LINES = "";
				ENABLE_PREVIEWS = YES;
				GENERATE_INFOPLIST_FILE = YES;
				INFOPLIST_FILE = Mely/Info.plist;
				INFOPLIST_KEY_NSCameraUsageDescription = "This app needs camera access to capture landscapes, portraits, and videos. Your photos and videos can decorate your profile or share with friends. They're securely stored on your device and only shared with your permission. Privacy and security are protected.";
				INFOPLIST_KEY_NSLocationWhenInUseUsageDescription = "This app needs location access for sharing, discovering events, and using location-based features. Location data is used responsibly with your consent. Privacy and security are our priorities.";
				INFOPLIST_KEY_NSMicrophoneUsageDescription = "This app needs microphone access for recording voice messages and sharing audio. Audio stays on your device unless you share. Privacy is our priority.";
				INFOPLIST_KEY_NSPhotoLibraryUsageDescription = "This app needs access to your photo library for sharing memorable photos/videos. It stays on your device unless you share. Access is for easy sharing and is privacy-protected.";
				INFOPLIST_KEY_UIApplicationSceneManifest_Generation = YES;
				INFOPLIST_KEY_UIApplicationSupportsIndirectInputEvents = YES;
				INFOPLIST_KEY_UILaunchScreen_Generation = YES;
				INFOPLIST_KEY_UILaunchStoryboardName = LaunchScreen;
				INFOPLIST_KEY_UISupportedInterfaceOrientations_iPad = "UIInterfaceOrientationPortrait UIInterfaceOrientationPortraitUpsideDown";
				INFOPLIST_KEY_UISupportedInterfaceOrientations_iPhone = "UIInterfaceOrientationPortrait UIInterfaceOrientationPortraitUpsideDown";
				IPHONEOS_DEPLOYMENT_TARGET = 18.6;
				LD_RUNPATH_SEARCH_PATHS = (
					"$(inherited)",
					"@executable_path/Frameworks",
				);
				MARKETING_VERSION = 1.0;
				PRODUCT_BUNDLE_IDENTIFIER = com.mwanwokybbrq.Mely;
				PRODUCT_NAME = "$(TARGET_NAME)";
				STRING_CATALOG_GENERATE_SYMBOLS = YES;
				SWIFT_APPROACHABLE_CONCURRENCY = YES;
				SWIFT_DEFAULT_ACTOR_ISOLATION = MainActor;
				SWIFT_EMIT_LOC_STRINGS = YES;
				SWIFT_UPCOMING_FEATURE_MEMBER_IMPORT_VISIBILITY = YES;
				SWIFT_VERSION = 5.0;
				TARGETED_DEVICE_FAMILY = 1;
			};
			name = Release;
		};
		DDBAACE02F595E2600E72DD2 /* Debug */ = {
			isa = XCBuildConfiguration;
			buildSettings = {
				BUNDLE_LOADER = "$(TEST_HOST)";
				CODE_SIGN_STYLE = Automatic;
				CURRENT_PROJECT_VERSION = 2;
				DEVELOPMENT_TEAM = "";
				GENERATE_INFOPLIST_FILE = YES;
				IPHONEOS_DEPLOYMENT_TARGET = 26.2;
				MARKETING_VERSION = 1.0;
				PRODUCT_BUNDLE_IDENTIFIER = com.mwanwokybbrq.MelyTests;
				PRODUCT_NAME = "$(TARGET_NAME)";
				STRING_CATALOG_GENERATE_SYMBOLS = NO;
				SWIFT_APPROACHABLE_CONCURRENCY = YES;
				SWIFT_EMIT_LOC_STRINGS = NO;
				SWIFT_UPCOMING_FEATURE_MEMBER_IMPORT_VISIBILITY = YES;
				SWIFT_VERSION = 5.0;
				TARGETED_DEVICE_FAMILY = 1;
				TEST_HOST = "$(BUILT_PRODUCTS_DIR)/Mely.app/$(BUNDLE_EXECUTABLE_FOLDER_PATH)/Mely";
			};
			name = Debug;
		};
		DDBAACE12F595E2600E72DD2 /* Release */ = {
			isa = XCBuildConfiguration;
			buildSettings = {
				BUNDLE_LOADER = "$(TEST_HOST)";
				CODE_SIGN_STYLE = Automatic;
				CURRENT_PROJECT_VERSION = 2;
				DEVELOPMENT_TEAM = "";
				GENERATE_INFOPLIST_FILE = YES;
				IPHONEOS_DEPLOYMENT_TARGET = 26.2;
				MARKETING_VERSION = 1.0;
				PRODUCT_BUNDLE_IDENTIFIER = com.mwanwokybbrq.MelyTests;
				PRODUCT_NAME = "$(TARGET_NAME)";
				STRING_CATALOG_GENERATE_SYMBOLS = NO;
				SWIFT_APPROACHABLE_CONCURRENCY = YES;
				SWIFT_EMIT_LOC_STRINGS = NO;
				SWIFT_UPCOMING_FEATURE_MEMBER_IMPORT_VISIBILITY = YES;
				SWIFT_VERSION = 5.0;
				TARGETED_DEVICE_FAMILY = 1;
				TEST_HOST = "$(BUILT_PRODUCTS_DIR)/Mely.app/$(BUNDLE_EXECUTABLE_FOLDER_PATH)/Mely";
			};
			name = Release;
		};
		DDBAACE32F595E2600E72DD2 /* Debug */ = {
			isa = XCBuildConfiguration;
			buildSettings = {
				CODE_SIGN_STYLE = Automatic;
				CURRENT_PROJECT_VERSION = 2;
				DEVELOPMENT_TEAM = "";
				GENERATE_INFOPLIST_FILE = YES;
				MARKETING_VERSION = 1.0;
				PRODUCT_BUNDLE_IDENTIFIER = com.mwanwokybbrq.MelyUITests;
				PRODUCT_NAME = "$(TARGET_NAME)";
				STRING_CATALOG_GENERATE_SYMBOLS = NO;
				SWIFT_APPROACHABLE_CONCURRENCY = YES;
				SWIFT_EMIT_LOC_STRINGS = NO;
				SWIFT_UPCOMING_FEATURE_MEMBER_IMPORT_VISIBILITY = YES;
				SWIFT_VERSION = 5.0;
				TARGETED_DEVICE_FAMILY = 1;
				TEST_TARGET_NAME = Mely;
			};
			name = Debug;
		};
		DDBAACE42F595E2600E72DD2 /* Release */ = {
			isa = XCBuildConfiguration;
			buildSettings = {
				CODE_SIGN_STYLE = Automatic;
				CURRENT_PROJECT_VERSION = 2;
				DEVELOPMENT_TEAM = "";
				GENERATE_INFOPLIST_FILE = YES;
				MARKETING_VERSION = 1.0;
				PRODUCT_BUNDLE_IDENTIFIER = com.mwanwokybbrq.MelyUITests;
				PRODUCT_NAME = "$(TARGET_NAME)";
				STRING_CATALOG_GENERATE_SYMBOLS = NO;
				SWIFT_APPROACHABLE_CONCURRENCY = YES;
				SWIFT_EMIT_LOC_STRINGS = NO;
				SWIFT_UPCOMING_FEATURE_MEMBER_IMPORT_VISIBILITY = YES;
				SWIFT_VERSION = 5.0;
				TARGETED_DEVICE_FAMILY = 1;
				TEST_TARGET_NAME = Mely;
			};
			name = Release;
		};
/* End XCBuildConfiguration section */

/* Begin XCConfigurationList section */
		DDBAACB62F595E2500E72DD2 /* Build configuration list for PBXProject "Mely" */ = {
			isa = XCConfigurationList;
			buildConfigurations = (
				DDBAACDA2F595E2600E72DD2 /* Debug */,
				DDBAACDB2F595E2600E72DD2 /* Release */,
			);
			defaultConfigurationIsVisible = 0;
			defaultConfigurationName = Release;
		};
		DDBAACDC2F595E2600E72DD2 /* Build configuration list for PBXNativeTarget "Mely" */ = {
			isa = XCConfigurationList;
			buildConfigurations = (
				DDBAACDD2F595E2600E72DD2 /* Debug */,
				DDBAACDE2F595E2600E72DD2 /* Release */,
			);
			defaultConfigurationIsVisible = 0;
			defaultConfigurationName = Release;
		};
		DDBAACDF2F595E2600E72DD2 /* Build configuration list for PBXNativeTarget "MelyTests" */ = {
			isa = XCConfigurationList;
			buildConfigurations = (
				DDBAACE02F595E2600E72DD2 /* Debug */,
				DDBAACE12F595E2600E72DD2 /* Release */,
			);
			defaultConfigurationIsVisible = 0;
			defaultConfigurationName = Release;
		};
		DDBAACE22F595E2600E72DD2 /* Build configuration list for PBXNativeTarget "MelyUITests" */ = {
			isa = XCConfigurationList;
			buildConfigurations = (
				DDBAACE32F595E2600E72DD2 /* Debug */,
				DDBAACE42F595E2600E72DD2 /* Release */,
			);
			defaultConfigurationIsVisible = 0;
			defaultConfigurationName = Release;
		};
/* End XCConfigurationList section */

/* Begin XCRemoteSwiftPackageReference section */
		DD50226F2F59635D00CDD6B8 /* XCRemoteSwiftPackageReference "HotSwiftUI" */ = {
			isa = XCRemoteSwiftPackageReference;
			repositoryURL = "https://github.com/johnno1962/HotSwiftUI";
			requirement = {
				kind = upToNextMajorVersion;
				minimumVersion = 1.2.4;
			};
		};
/* End XCRemoteSwiftPackageReference section */

/* Begin XCSwiftPackageProductDependency section */
		DD5022702F59635D00CDD6B8 /* HotSwiftUI */ = {
			isa = XCSwiftPackageProductDependency;
			package = DD50226F2F59635D00CDD6B8 /* XCRemoteSwiftPackageReference "HotSwiftUI" */;
			productName = HotSwiftUI;
		};
/* End XCSwiftPackageProductDependency section */
	};
	rootObject = DDBAACB32F595E2500E72DD2 /* Project object */;
}
